
Microsoft Visual Studio Solution File, Format Version 12.00
# Visual Studio 15
VisualStudioVersion = 15.0.26403.7
MinimumVisualStudioVersion = 10.0.40219.1
Project("{FAE04EC0-301F-11D3-BF4B-00C04F79EFBC}") = "ToDoApp.Android", "ToDoApp\ToDoApp.Android\ToDoApp.Android.csproj", "{0CCB8A9F-1B72-44F7-9DDB-EFAEFA93B470}"
EndProject
Project("{FAE04EC0-301F-11D3-BF4B-00C04F79EFBC}") = "ToDoApp", "ToDoApp\ToDoApp\ToDoApp.csproj", "{9DAA5DBB-554E-4C2F-A8BA-810B5E98A772}"
EndProject
Project("{FAE04EC0-301F-11D3-BF4B-00C04F79EFBC}") = "ToDoApp.iOS", "ToDoApp\ToDoApp.iOS\ToDoApp.iOS.csproj", "{84B29F6D-5F4C-4A81-AE32-19B568616735}"
EndProject
Global
	GlobalSection(SolutionConfigurationPlatforms) = preSolution
		Ad-Hoc|Any CPU = Ad-Hoc|Any CPU
		Ad-Hoc|iPhone = Ad-Hoc|iPhone
		Ad-Hoc|iPhoneSimulator = Ad-Hoc|iPhoneSimulator
		AppStore|Any CPU = AppStore|Any CPU
		AppStore|iPhone = AppStore|iPhone
		AppStore|iPhoneSimulator = AppStore|iPhoneSimulator
		Debug|Any CPU = Debug|Any CPU
		Debug|iPhone = Debug|iPhone
		Debug|iPhoneSimulator = Debug|iPhoneSimulator
		Release|Any CPU = Release|Any CPU
		Release|iPhone = Release|iPhone
		Release|iPhoneSimulator = Release|iPhoneSimulator
	EndGlobalSection
	GlobalSection(ProjectConfigurationPlatforms) = postSolution
		{0CCB8A9F-1B72-44F7-9DDB-EFAEFA93B470}.Ad-Hoc|Any CPU.ActiveCfg = Release|Any CPU
		{0CCB8A9F-1B72-44F7-9DDB-EFAEFA93B470}.Ad-Hoc|Any CPU.Build.0 = Release|Any CPU
		{0CCB8A9F-1B72-44F7-9DDB-EFAEFA93B470}.Ad-Hoc|Any CPU.Deploy.0 = Release|Any CPU
		{0CCB8A9F-1B72-44F7-9DDB-EFAEFA93B470}.Ad-Hoc|iPhone.ActiveCfg = Release|Any CPU
		{0CCB8A9F-1B72-44F7-9DDB-EFAEFA93B470}.Ad-Hoc|iPhone.Build.0 = Release|Any CPU
		{0CCB8A9F-1B72-44F7-9DDB-EFAEFA93B470}.Ad-Hoc|iPhone.Deploy.0 = Release|Any CPU
		{0CCB8A9F-1B72-44F7-9DDB-EFAEFA93B470}.Ad-Hoc|iPhoneSimulator.ActiveCfg = Release|Any CPU
		{0CCB8A9F-1B72-44F7-9DDB-EFAEFA93B470}.Ad-Hoc|iPhoneSimulator.Build.0 = Release|Any CPU
		{0CCB8A9F-1B72-44F7-9DDB-EFAEFA93B470}.Ad-Hoc|iPhoneSimulator.Deploy.0 = Release|Any CPU
		{0CCB8A9F-1B72-44F7-9DDB-EFAEFA93B470}.AppStore|Any CPU.ActiveCfg = Release|Any CPU
		{0CCB8A9F-1B72-44F7-9DDB-EFAEFA93B470}.AppStore|Any CPU.Build.0 = Release|Any CPU
		{0CCB8A9F-1B72-44F7-9DDB-EFAEFA93B470}.AppStore|Any CPU.Deploy.0 = Release|Any CPU
		{0CCB8A9F-1B72-44F7-9DDB-EFAEFA93B470}.AppStore|iPhone.ActiveCfg = Release|Any CPU
		{0CCB8A9F-1B72-44F7-9DDB-EFAEFA93B470}.AppStore|iPhone.Build.0 = Release|Any CPU
		{0CCB8A9F-1B72-44F7-9DDB-EFAEFA93B470}.AppStore|iPhone.Deploy.0 = Release|Any CPU
		{0CCB8A9F-1B72-44F7-9DDB-EFAEFA93B470}.AppStore|iPhoneSimulator.ActiveCfg = Release|Any CPU
		{0CCB8A9F-1B72-44F7-9DDB-EFAEFA93B470}.AppStore|iPhoneSimulator.Build.0 = Release|Any CPU
		{0CCB8A9F-1B72-44F7-9DDB-EFAEFA93B470}.AppStore|iPhoneSimulator.Deploy.0 = Release|Any CPU
		{0CCB8A9F-1B72-44F7-9DDB-EFAEFA93B470}.Debug|Any CPU.ActiveCfg = Debug|Any CPU
		{0CCB8A9F-1B72-44F7-9DDB-EFAEFA93B470}.Debug|Any CPU.Build.0 = Debug|Any CPU
		{0CCB8A9F-1B72-44F7-9DDB-EFAEFA93B470}.Debug|Any CPU.Deploy.0 = Debug|Any CPU
		{0CCB8A9F-1B72-44F7-9DDB-EFAEFA93B470}.Debug|iPhone.ActiveCfg = Debug|Any CPU
		{0CCB8A9F-1B72-44F7-9DDB-EFAEFA93B470}.Debug|iPhone.Build.0 = Debug|Any CPU
		{0CCB8A9F-1B72-44F7-9DDB-EFAEFA93B470}.Debug|iPhone.Deploy.0 = Debug|Any CPU
		{0CCB8A9F-1B72-44F7-9DDB-EFAEFA93B470}.Debug|iPhoneSimulator.ActiveCfg = Debug|Any CPU
		{0CCB8A9F-1B72-44F7-9DDB-EFAEFA93B470}.Debug|iPhoneSimulator.Build.0 = Debug|Any CPU
		{0CCB8A9F-1B72-44F7-9DDB-EFAEFA93B470}.Debug|iPhoneSimulator.Deploy.0 = Debug|Any CPU
		{0CCB8A9F-1B72-44F7-9DDB-EFAEFA93B470}.Release|Any CPU.ActiveCfg = Release|Any CPU
		{0CCB8A9F-1B72-44F7-9DDB-EFAEFA93B470}.Release|Any CPU.Build.0 = Release|Any CPU
		{0CCB8A9F-1B72-44F7-9DDB-EFAEFA93B470}.Release|Any CPU.Deploy.0 = Release|Any CPU
		{0CCB8A9F-1B72-44F7-9DDB-EFAEFA93B470}.Release|iPhone.ActiveCfg = Release|Any CPU
		{0CCB8A9F-1B72-44F7-9DDB-EFAEFA93B470}.Release|iPhone.Build.0 = Release|Any CPU
		{0CCB8A9F-1B72-44F7-9DDB-EFAEFA93B470}.Release|iPhone.Deploy.0 = Release|Any CPU
		{0CCB8A9F-1B72-44F7-9DDB-EFAEFA93B470}.Release|iPhoneSimulator.ActiveCfg = Release|Any CPU
		{0CCB8A9F-1B72-44F7-9DDB-EFAEFA93B470}.Release|iPhoneSimulator.Build.0 = Release|Any CPU
		{0CCB8A9F-1B72-44F7-9DDB-EFAEFA93B470}.Release|iPhoneSimulator.Deploy.0 = Release|Any CPU
		{9DAA5DBB-554E-4C2F-A8BA-810B5E98A772}.Ad-Hoc|Any CPU.ActiveCfg = Release|Any CPU
		{9DAA5DBB-554E-4C2F-A8BA-810B5E98A772}.Ad-Hoc|Any CPU.Build.0 = Release|Any CPU
		{9DAA5DBB-554E-4C2F-A8BA-810B5E98A772}.Ad-Hoc|iPhone.ActiveCfg = Release|Any CPU
		{9DAA5DBB-554E-4C2F-A8BA-810B5E98A772}.Ad-Hoc|iPhone.Build.0 = Release|Any CPU
		{9DAA5DBB-554E-4C2F-A8BA-810B5E98A772}.Ad-Hoc|iPhoneSimulator.ActiveCfg = Release|Any CPU
		{9DAA5DBB-554E-4C2F-A8BA-810B5E98A772}.Ad-Hoc|iPhoneSimulator.Build.0 = Release|Any CPU
		{9DAA5DBB-554E-4C2F-A8BA-810B5E98A772}.AppStore|Any CPU.ActiveCfg = Release|Any CPU
		{9DAA5DBB-554E-4C2F-A8BA-810B5E98A772}.AppStore|Any CPU.Build.0 = Release|Any CPU
		{9DAA5DBB-554E-4C2F-A8BA-810B5E98A772}.AppStore|iPhone.ActiveCfg = Release|Any CPU
		{9DAA5DBB-554E-4C2F-A8BA-810B5E98A772}.AppStore|iPhone.Build.0 = Release|Any CPU
		{9DAA5DBB-554E-4C2F-A8BA-810B5E98A772}.AppStore|iPhoneSimulator.ActiveCfg = Release|Any CPU
		{9DAA5DBB-554E-4C2F-A8BA-810B5E98A772}.AppStore|iPhoneSimulator.Build.0 = Release|Any CPU
		{9DAA5DBB-554E-4C2F-A8BA-810B5E98A772}.Debug|Any CPU.ActiveCfg = Debug|Any CPU
		{9DAA5DBB-554E-4C2F-A8BA-810B5E98A772}.Debug|Any CPU.Build.0 = Debug|Any CPU
		{9DAA5DBB-554E-4C2F-A8BA-810B5E98A772}.Debug|iPhone.ActiveCfg = Debug|Any CPU
		{9DAA5DBB-554E-4C2F-A8BA-810B5E98A772}.Debug|iPhone.Build.0 = Debug|Any CPU
		{9DAA5DBB-554E-4C2F-A8BA-810B5E98A772}.Debug|iPhoneSimulator.ActiveCfg = Debug|Any CPU
		{9DAA5DBB-554E-4C2F-A8BA-810B5E98A772}.Debug|iPhoneSimulator.Build.0 = Debug|Any CPU
		{9DAA5DBB-554E-4C2F-A8BA-810B5E98A772}.Release|Any CPU.ActiveCfg = Release|Any CPU
		{9DAA5DBB-554E-4C2F-A8BA-810B5E98A772}.Release|Any CPU.Build.0 = Release|Any CPU
		{9DAA5DBB-554E-4C2F-A8BA-810B5E98A772}.Release|iPhone.ActiveCfg = Release|Any CPU
		{9DAA5DBB-554E-4C2F-A8BA-810B5E98A772}.Release|iPhone.Build.0 = Release|Any CPU
		{9DAA5DBB-554E-4C2F-A8BA-810B5E98A772}.Release|iPhoneSimulator.ActiveCfg = Release|Any CPU
		{9DAA5DBB-554E-4C2F-A8BA-810B5E98A772}.Release|iPhoneSimulator.Build.0 = Release|Any CPU
		{84B29F6D-5F4C-4A81-AE32-19B568616735}.Ad-Hoc|Any CPU.ActiveCfg = Ad-Hoc|iPhone
		{84B29F6D-5F4C-4A81-AE32-19B568616735}.Ad-Hoc|iPhone.ActiveCfg = Ad-Hoc|iPhone
		{84B29F6D-5F4C-4A81-AE32-19B568616735}.Ad-Hoc|iPhone.Build.0 = Ad-Hoc|iPhone
		{84B29F6D-5F4C-4A81-AE32-19B568616735}.Ad-Hoc|iPhoneSimulator.ActiveCfg = Ad-Hoc|iPhoneSimulator
		{84B29F6D-5F4C-4A81-AE32-19B568616735}.Ad-Hoc|iPhoneSimulator.Build.0 = Ad-Hoc|iPhoneSimulator
		{84B29F6D-5F4C-4A81-AE32-19B568616735}.AppStore|Any CPU.ActiveCfg = AppStore|iPhone
		{84B29F6D-5F4C-4A81-AE32-19B568616735}.AppStore|iPhone.ActiveCfg = AppStore|iPhone
		{84B29F6D-5F4C-4A81-AE32-19B568616735}.AppStore|iPhone.Build.0 = AppStore|iPhone
		{84B29F6D-5F4C-4A81-AE32-19B568616735}.AppStore|iPhoneSimulator.ActiveCfg = AppStore|iPhoneSimulator
		{84B29F6D-5F4C-4A81-AE32-19B568616735}.AppStore|iPhoneSimulator.Build.0 = AppStore|iPhoneSimulator
		{84B29F6D-5F4C-4A81-AE32-19B568616735}.Debug|Any CPU.ActiveCfg = Debug|iPhone
		{84B29F6D-5F4C-4A81-AE32-19B568616735}.Debug|iPhone.ActiveCfg = Debug|iPhone
		{84B29F6D-5F4C-4A81-AE32-19B568616735}.Debug|iPhone.Build.0 = Debug|iPhone
		{84B29F6D-5F4C-4A81-AE32-19B568616735}.Debug|iPhoneSimulator.ActiveCfg = Debug|iPhoneSimulator
		{84B29F6D-5F4C-4A81-AE32-19B568616735}.Debug|iPhoneSimulator.Build.0 = Debug|iPhoneSimulator
		{84B29F6D-5F4C-4A81-AE32-19B568616735}.Release|Any CPU.ActiveCfg = Release|iPhone
		{84B29F6D-5F4C-4A81-AE32-19B568616735}.Release|iPhone.ActiveCfg = Release|iPhone
		{84B29F6D-5F4C-4A81-AE32-19B568616735}.Release|iPhone.Build.0 = Release|iPhone
		{84B29F6D-5F4C-4A81-AE32-19B568616735}.Release|iPhoneSimulator.ActiveCfg = Release|iPhoneSimulator
		{84B29F6D-5F4C-4A81-AE32-19B568616735}.Release|iPhoneSimulator.Build.0 = Release|iPhoneSimulator
	EndGlobalSection
	GlobalSection(SolutionProperties) = preSolution
		HideSolutionNode = FALSE
	EndGlobalSection
EndGlobal
